// !$*UTF8*$!
{
	archiveVersion = 1;
	classes = {
	};
	objectVersion = 45;
	objects = {

/* Begin PBXBuildFile section */
		1D3623260D0F684500981E51 /* TouchUI_DemoAppDelegate.m in Sources */ = {isa = PBXBuildFile; fileRef = 1D3623250D0F684500981E51 /* TouchUI_DemoAppDelegate.m */; };
		1D60589B0D05DD56006BFB54 /* main.m in Sources */ = {isa = PBXBuildFile; fileRef = 29B97316FDCFA39411CA2CEA /* main.m */; };
		1D60589F0D05DD5A006BFB54 /* Foundation.framework in Frameworks */ = {isa = PBXBuildFile; fileRef = 1D30AB110D05D00D00671497 /* Foundation.framework */; };
		1DF5F4E00D08C38300B7A737 /* UIKit.framework in Frameworks */ = {isa = PBXBuildFile; fileRef = 1DF5F4DF0D08C38300B7A737 /* UIKit.framework */; };
		288765A50DF7441C002DB57D /* CoreGraphics.framework in Frameworks */ = {isa = PBXBuildFile; fileRef = 288765A40DF7441C002DB57D /* CoreGraphics.framework */; };
		2899E5220DE3E06400AC0155 /* TouchUI_DemoViewController.xib in Resources */ = {isa = PBXBuildFile; fileRef = 2899E5210DE3E06400AC0155 /* TouchUI_DemoViewController.xib */; };
		28AD733F0D9D9553002E5188 /* MainWindow.xib in Resources */ = {isa = PBXBuildFile; fileRef = 28AD733E0D9D9553002E5188 /* MainWindow.xib */; };
		455B4BCA118256C300C6FF0B /* ISO8601DateFormatter.m in Sources */ = {isa = PBXBuildFile; fileRef = 455B4BB6118256C300C6FF0B /* ISO8601DateFormatter.m */; };
		455B4BE71182576A00C6FF0B /* CNetworkActivityManager.m in Sources */ = {isa = PBXBuildFile; fileRef = 455B4BE41182576A00C6FF0B /* CNetworkActivityManager.m */; };
		455B4BE81182576A00C6FF0B /* CURLOpener.m in Sources */ = {isa = PBXBuildFile; fileRef = 455B4BE61182576A00C6FF0B /* CURLOpener.m */; };
		455B4BFB1182578300C6FF0B /* CLoginViewController.m in Sources */ = {isa = PBXBuildFile; fileRef = 455B4BED1182578300C6FF0B /* CLoginViewController.m */; };
		455B4BFC1182578300C6FF0B /* CPicker.m in Sources */ = {isa = PBXBuildFile; fileRef = 455B4BEF1182578300C6FF0B /* CPicker.m */; };
		455B4BFD1182578300C6FF0B /* CPickerTableViewController.m in Sources */ = {isa = PBXBuildFile; fileRef = 455B4BF11182578300C6FF0B /* CPickerTableViewController.m */; };
		455B4BFE1182578300C6FF0B /* CTextEntryPickerViewController.m in Sources */ = {isa = PBXBuildFile; fileRef = 455B4BF31182578300C6FF0B /* CTextEntryPickerViewController.m */; };
		455B4BFF1182578300C6FF0B /* CValuesPickerController.m in Sources */ = {isa = PBXBuildFile; fileRef = 455B4BF51182578300C6FF0B /* CValuesPickerController.m */; };
		455B4C001182578300C6FF0B /* CValuesPickerController.xib in Resources */ = {isa = PBXBuildFile; fileRef = 455B4BF61182578300C6FF0B /* CValuesPickerController.xib */; };
		455B4C011182578300C6FF0B /* CDateRangePickerController.m in Sources */ = {isa = PBXBuildFile; fileRef = 455B4BF91182578300C6FF0B /* CDateRangePickerController.m */; };
		455B4C021182578300C6FF0B /* CDateRangePickerController.xib in Resources */ = {isa = PBXBuildFile; fileRef = 455B4BFA1182578300C6FF0B /* CDateRangePickerController.xib */; };
		455B4C4611827F1E00C6FF0B /* UIViewController_Extensions.m in Sources */ = {isa = PBXBuildFile; fileRef = 455B4C4511827F1E00C6FF0B /* UIViewController_Extensions.m */; };
		455B4C4B11827F3300C6FF0B /* CButtonTableViewCell.m in Sources */ = {isa = PBXBuildFile; fileRef = 455B4C4A11827F3300C6FF0B /* CButtonTableViewCell.m */; };
		455B4C5011827F5B00C6FF0B /* CValueValidator.m in Sources */ = {isa = PBXBuildFile; fileRef = 455B4C4F11827F5B00C6FF0B /* CValueValidator.m */; };
		455B4C5911827F8700C6FF0B /* CGlossyButton.m in Sources */ = {isa = PBXBuildFile; fileRef = 455B4C5511827F8700C6FF0B /* CGlossyButton.m */; };
		455B4C5A11827F8700C6FF0B /* glossyButton-disabled.png in Resources */ = {isa = PBXBuildFile; fileRef = 455B4C5611827F8700C6FF0B /* glossyButton-disabled.png */; };
		455B4C5B11827F8700C6FF0B /* glossyButton-highlighted.png in Resources */ = {isa = PBXBuildFile; fileRef = 455B4C5711827F8700C6FF0B /* glossyButton-highlighted.png */; };
		455B4C5C11827F8700C6FF0B /* glossyButton-normal.png in Resources */ = {isa = PBXBuildFile; fileRef = 455B4C5811827F8700C6FF0B /* glossyButton-normal.png */; };
		455B4C6611827FD000C6FF0B /* MessageUI.framework in Frameworks */ = {isa = PBXBuildFile; fileRef = 455B4C6511827FD000C6FF0B /* MessageUI.framework */; };
		45A8F01F10754A4C008BEAFE /* Base64Transcoder.c in Sources */ = {isa = PBXBuildFile; fileRef = 45A8EFC510754A4C008BEAFE /* Base64Transcoder.c */; };
		45A8F02010754A4C008BEAFE /* CBetterOperation.m in Sources */ = {isa = PBXBuildFile; fileRef = 45A8EFC810754A4C008BEAFE /* CBetterOperation.m */; };
		45A8F02110754A4C008BEAFE /* CCommaArrayTransformer.m in Sources */ = {isa = PBXBuildFile; fileRef = 45A8EFCA10754A4C008BEAFE /* CCommaArrayTransformer.m */; };
		45A8F02210754A4C008BEAFE /* CConcurrentOperation.m in Sources */ = {isa = PBXBuildFile; fileRef = 45A8EFCC10754A4C008BEAFE /* CConcurrentOperation.m */; };
		45A8F02310754A4C008BEAFE /* CDateRange.m in Sources */ = {isa = PBXBuildFile; fileRef = 45A8EFCE10754A4C008BEAFE /* CDateRange.m */; };
		45A8F02410754A4C008BEAFE /* CFloatTransformer.m in Sources */ = {isa = PBXBuildFile; fileRef = 45A8EFD010754A4C008BEAFE /* CFloatTransformer.m */; };
		45A8F02510754A4C008BEAFE /* CHumanDateFormatter.m in Sources */ = {isa = PBXBuildFile; fileRef = 45A8EFD210754A4C008BEAFE /* CHumanDateFormatter.m */; };
		45A8F02710754A4C008BEAFE /* CLazyCache.m in Sources */ = {isa = PBXBuildFile; fileRef = 45A8EFD610754A4C008BEAFE /* CLazyCache.m */; };
		45A8F02B10754A4C008BEAFE /* CPointerArray.m in Sources */ = {isa = PBXBuildFile; fileRef = 45A8EFDF10754A4C008BEAFE /* CPointerArray.m */; };
		45A8F02C10754A4C008BEAFE /* CTempFile.m in Sources */ = {isa = PBXBuildFile; fileRef = 45A8EFE110754A4C008BEAFE /* CTempFile.m */; };
		45A8F02D10754A4C008BEAFE /* CTrivialTemplate.m in Sources */ = {isa = PBXBuildFile; fileRef = 45A8EFE310754A4C008BEAFE /* CTrivialTemplate.m */; };
		45A8F02E10754A4C008BEAFE /* NSDate_Extensions.m in Sources */ = {isa = PBXBuildFile; fileRef = 45A8EFE710754A4C008BEAFE /* NSDate_Extensions.m */; };
		45A8F02F10754A4C008BEAFE /* NSDate_InternetDateExtensions.m in Sources */ = {isa = PBXBuildFile; fileRef = 45A8EFE910754A4C008BEAFE /* NSDate_InternetDateExtensions.m */; };
		45A8F03010754A4C008BEAFE /* NSDateFormatter_InternetDateExtensions.m in Sources */ = {isa = PBXBuildFile; fileRef = 45A8EFEB10754A4C008BEAFE /* NSDateFormatter_InternetDateExtensions.m */; };
		45A8F03110754A4C008BEAFE /* NSDecimalNumber_Extensions.m in Sources */ = {isa = PBXBuildFile; fileRef = 45A8EFED10754A4C008BEAFE /* NSDecimalNumber_Extensions.m */; };
		45A8F03210754A4C008BEAFE /* NSFileManager_Extensions.m in Sources */ = {isa = PBXBuildFile; fileRef = 45A8EFEF10754A4C008BEAFE /* NSFileManager_Extensions.m */; };
		45A8F03310754A4C008BEAFE /* NSIndexPath_Extensions.m in Sources */ = {isa = PBXBuildFile; fileRef = 45A8EFF110754A4C008BEAFE /* NSIndexPath_Extensions.m */; };
		45A8F03410754A4C008BEAFE /* NSOperation_DebugExtensions.m in Sources */ = {isa = PBXBuildFile; fileRef = 45A8EFF310754A4C008BEAFE /* NSOperation_DebugExtensions.m */; };
		45A8F03510754A4C008BEAFE /* NSOperationQueue_Extensions.m in Sources */ = {isa = PBXBuildFile; fileRef = 45A8EFF510754A4C008BEAFE /* NSOperationQueue_Extensions.m */; };
		45A8F03610754A4C008BEAFE /* NSScanner_Extensions.m in Sources */ = {isa = PBXBuildFile; fileRef = 45A8EFF710754A4C008BEAFE /* NSScanner_Extensions.m */; };
		45A8F03710754A4C008BEAFE /* NSScanner_HTMLExtensions.m in Sources */ = {isa = PBXBuildFile; fileRef = 45A8EFF910754A4C008BEAFE /* NSScanner_HTMLExtensions.m */; };
		45A8F03810754A4C008BEAFE /* NSString_Extensions.m in Sources */ = {isa = PBXBuildFile; fileRef = 45A8EFFB10754A4C008BEAFE /* NSString_Extensions.m */; };
		45A8F03910754A4C008BEAFE /* NSURL_Extensions.m in Sources */ = {isa = PBXBuildFile; fileRef = 45A8EFFD10754A4C008BEAFE /* NSURL_Extensions.m */; };
		45A8F03B10754A4C008BEAFE /* NSValue_Extensions.m in Sources */ = {isa = PBXBuildFile; fileRef = 45A8F00110754A4C008BEAFE /* NSValue_Extensions.m */; };
		45A8F03C10754A4C008BEAFE /* CInvocationGrabber.m in Sources */ = {isa = PBXBuildFile; fileRef = 45A8F00410754A4C008BEAFE /* CInvocationGrabber.m */; };
		45A8F03D10754A4C008BEAFE /* NSObject_InvocationGrabberExtensions.m in Sources */ = {isa = PBXBuildFile; fileRef = 45A8F00610754A4C008BEAFE /* NSObject_InvocationGrabberExtensions.m */; };
		45A8F04010754A4C008BEAFE /* CBundleResourceURLProtocol.m in Sources */ = {isa = PBXBuildFile; fileRef = 45A8F00D10754A4C008BEAFE /* CBundleResourceURLProtocol.m */; };
		45A8F04110754A4C008BEAFE /* CNumberToStringValueTransformer.m in Sources */ = {isa = PBXBuildFile; fileRef = 45A8F01010754A4C008BEAFE /* CNumberToStringValueTransformer.m */; };
		45A8F04210754A4C008BEAFE /* UIDevice_Extensions.m in Sources */ = {isa = PBXBuildFile; fileRef = 45A8F01410754A4C008BEAFE /* UIDevice_Extensions.m */; };
		45A8F13310754D68008BEAFE /* Geometry.m in Sources */ = {isa = PBXBuildFile; fileRef = 45A8F0B810754D68008BEAFE /* Geometry.m */; };
		45A8F13410754D68008BEAFE /* CALayer_Extensions.m in Sources */ = {isa = PBXBuildFile; fileRef = 45A8F0BB10754D68008BEAFE /* CALayer_Extensions.m */; };
		45A8F13510754D68008BEAFE /* CAScrollLayer_Extensions.m in Sources */ = {isa = PBXBuildFile; fileRef = 45A8F0BD10754D68008BEAFE /* CAScrollLayer_Extensions.m */; };
		45A8F13610754D68008BEAFE /* QuartzConvenienceFunctions.m in Sources */ = {isa = PBXBuildFile; fileRef = 45A8F0C010754D68008BEAFE /* QuartzConvenienceFunctions.m */; };
		45A8F13710754D68008BEAFE /* QuartzUtilities.m in Sources */ = {isa = PBXBuildFile; fileRef = 45A8F0C210754D68008BEAFE /* QuartzUtilities.m */; };
		45A8F13B10754D68008BEAFE /* CTableViewController.m in Sources */ = {isa = PBXBuildFile; fileRef = 45A8F0CD10754D68008BEAFE /* CTableViewController.m */; };
		45A8F13C10754D68008BEAFE /* CTextViewController.m in Sources */ = {isa = PBXBuildFile; fileRef = 45A8F0CF10754D68008BEAFE /* CTextViewController.m */; };
		45A8F13D10754D68008BEAFE /* CTextViewController.xib in Resources */ = {isa = PBXBuildFile; fileRef = 45A8F0D010754D68008BEAFE /* CTextViewController.xib */; };
		45A8F13E10754D68008BEAFE /* browser-back.png in Resources */ = {isa = PBXBuildFile; fileRef = 45A8F0D210754D68008BEAFE /* browser-back.png */; };
		45A8F13F10754D68008BEAFE /* browser-forward.png in Resources */ = {isa = PBXBuildFile; fileRef = 45A8F0D310754D68008BEAFE /* browser-forward.png */; };
		45A8F14010754D68008BEAFE /* browser-home.png in Resources */ = {isa = PBXBuildFile; fileRef = 45A8F0D410754D68008BEAFE /* browser-home.png */; };
		45A8F14110754D68008BEAFE /* CWebViewController.m in Sources */ = {isa = PBXBuildFile; fileRef = 45A8F0D610754D68008BEAFE /* CWebViewController.m */; };
		45A8F14410754D68008BEAFE /* UIColor_Blending.m in Sources */ = {isa = PBXBuildFile; fileRef = 45A8F0DD10754D68008BEAFE /* UIColor_Blending.m */; };
		45A8F14510754D68008BEAFE /* UIColor_Extensions.m in Sources */ = {isa = PBXBuildFile; fileRef = 45A8F0DF10754D68008BEAFE /* UIColor_Extensions.m */; };
		45A8F14610754D68008BEAFE /* UIColor_MoreExtensions.m in Sources */ = {isa = PBXBuildFile; fileRef = 45A8F0E110754D68008BEAFE /* UIColor_MoreExtensions.m */; };
		45A8F14710754D68008BEAFE /* UIImage_Extensions.m in Sources */ = {isa = PBXBuildFile; fileRef = 45A8F0E310754D68008BEAFE /* UIImage_Extensions.m */; };
		45A8F14810754D68008BEAFE /* UIImage_MaskExtensions.m in Sources */ = {isa = PBXBuildFile; fileRef = 45A8F0E510754D68008BEAFE /* UIImage_MaskExtensions.m */; };
		45A8F14910754D68008BEAFE /* UIView_Extensions.m in Sources */ = {isa = PBXBuildFile; fileRef = 45A8F0E710754D68008BEAFE /* UIView_Extensions.m */; };
		45A8F15010754D68008BEAFE /* CErrorPresenter.m in Sources */ = {isa = PBXBuildFile; fileRef = 45A8F0F710754D68008BEAFE /* CErrorPresenter.m */; };
		45A8F15310754D68008BEAFE /* CSpinnerTableViewCell.m in Sources */ = {isa = PBXBuildFile; fileRef = 45A8F0FD10754D68008BEAFE /* CSpinnerTableViewCell.m */; };
		45A8F15710754D68008BEAFE /* CBetterAlertView.m in Sources */ = {isa = PBXBuildFile; fileRef = 45A8F10710754D68008BEAFE /* CBetterAlertView.m */; };
		45A8F15810754D68008BEAFE /* CBetterLabel.m in Sources */ = {isa = PBXBuildFile; fileRef = 45A8F10910754D68008BEAFE /* CBetterLabel.m */; };
		45A8F15910754D68008BEAFE /* CBorderView.m in Sources */ = {isa = PBXBuildFile; fileRef = 45A8F10B10754D68008BEAFE /* CBorderView.m */; };
		45A8F15B10754D68008BEAFE /* CFullScreenView.m in Sources */ = {isa = PBXBuildFile; fileRef = 45A8F10F10754D68008BEAFE /* CFullScreenView.m */; };
		45A8F15D10754D68008BEAFE /* CLayoutManagedView.m in Sources */ = {isa = PBXBuildFile; fileRef = 45A8F11310754D68008BEAFE /* CLayoutManagedView.m */; };
		45A8F15F10754D68008BEAFE /* CLinkLabel.m in Sources */ = {isa = PBXBuildFile; fileRef = 45A8F11710754D68008BEAFE /* CLinkLabel.m */; };
		45A8F16210754D68008BEAFE /* CTapView.m in Sources */ = {isa = PBXBuildFile; fileRef = 45A8F11C10754D68008BEAFE /* CTapView.m */; };
		45A8F16410754D68008BEAFE /* UIViewDebugging.m in Sources */ = {isa = PBXBuildFile; fileRef = 45A8F12010754D68008BEAFE /* UIViewDebugging.m */; };
		45F5E3A50FBF500E004029AE /* CoreLocation.framework in Frameworks */ = {isa = PBXBuildFile; fileRef = 45F5E3A30FBF500E004029AE /* CoreLocation.framework */; };
		45F5E3A60FBF500E004029AE /* QuartzCore.framework in Frameworks */ = {isa = PBXBuildFile; fileRef = 45F5E3A40FBF500E004029AE /* QuartzCore.framework */; };
/* End PBXBuildFile section */

/* Begin PBXFileReference section */
		1D30AB110D05D00D00671497 /* Foundation.framework */ = {isa = PBXFileReference; lastKnownFileType = wrapper.framework; name = Foundation.framework; path = System/Library/Frameworks/Foundation.framework; sourceTree = SDKROOT; };
		1D3623240D0F684500981E51 /* TouchUI_DemoAppDelegate.h */ = {isa = PBXFileReference; fileEncoding = 4; lastKnownFileType = sourcecode.c.h; path = TouchUI_DemoAppDelegate.h; sourceTree = "<group>"; };
		1D3623250D0F684500981E51 /* TouchUI_DemoAppDelegate.m */ = {isa = PBXFileReference; fileEncoding = 4; lastKnownFileType = sourcecode.c.objc; path = TouchUI_DemoAppDelegate.m; sourceTree = "<group>"; };
		1D6058910D05DD3D006BFB54 /* TouchUI_Demo.app */ = {isa = PBXFileReference; explicitFileType = wrapper.application; includeInIndex = 0; path = TouchUI_Demo.app; sourceTree = BUILT_PRODUCTS_DIR; };
		1DF5F4DF0D08C38300B7A737 /* UIKit.framework */ = {isa = PBXFileReference; lastKnownFileType = wrapper.framework; name = UIKit.framework; path = System/Library/Frameworks/UIKit.framework; sourceTree = SDKROOT; };
		288765A40DF7441C002DB57D /* CoreGraphics.framework */ = {isa = PBXFileReference; lastKnownFileType = wrapper.framework; name = CoreGraphics.framework; path = System/Library/Frameworks/CoreGraphics.framework; sourceTree = SDKROOT; };
		2899E5210DE3E06400AC0155 /* TouchUI_DemoViewController.xib */ = {isa = PBXFileReference; lastKnownFileType = file.xib; path = TouchUI_DemoViewController.xib; sourceTree = "<group>"; };
		28AD733E0D9D9553002E5188 /* MainWindow.xib */ = {isa = PBXFileReference; lastKnownFileType = file.xib; path = MainWindow.xib; sourceTree = "<group>"; };
		29B97316FDCFA39411CA2CEA /* main.m */ = {isa = PBXFileReference; fileEncoding = 4; lastKnownFileType = sourcecode.c.objc; path = main.m; sourceTree = "<group>"; };
		32CA4F630368D1EE00C91783 /* TouchUI_Demo_Prefix.pch */ = {isa = PBXFileReference; fileEncoding = 4; lastKnownFileType = sourcecode.c.h; path = TouchUI_Demo_Prefix.pch; sourceTree = "<group>"; };
		455B4BB5118256C300C6FF0B /* ISO8601DateFormatter.h */ = {isa = PBXFileReference; fileEncoding = 4; lastKnownFileType = sourcecode.c.h; path = ISO8601DateFormatter.h; sourceTree = "<group>"; };
		455B4BB6118256C300C6FF0B /* ISO8601DateFormatter.m */ = {isa = PBXFileReference; fileEncoding = 4; lastKnownFileType = sourcecode.c.objc; path = ISO8601DateFormatter.m; sourceTree = "<group>"; };
		455B4BE31182576A00C6FF0B /* CNetworkActivityManager.h */ = {isa = PBXFileReference; fileEncoding = 4; lastKnownFileType = sourcecode.c.h; path = CNetworkActivityManager.h; sourceTree = "<group>"; };
		455B4BE41182576A00C6FF0B /* CNetworkActivityManager.m */ = {isa = PBXFileReference; fileEncoding = 4; lastKnownFileType = sourcecode.c.objc; path = CNetworkActivityManager.m; sourceTree = "<group>"; };
		455B4BE51182576A00C6FF0B /* CURLOpener.h */ = {isa = PBXFileReference; fileEncoding = 4; lastKnownFileType = sourcecode.c.h; path = CURLOpener.h; sourceTree = "<group>"; };
		455B4BE61182576A00C6FF0B /* CURLOpener.m */ = {isa = PBXFileReference; fileEncoding = 4; lastKnownFileType = sourcecode.c.objc; path = CURLOpener.m; sourceTree = "<group>"; };
		455B4BEC1182578300C6FF0B /* CLoginViewController.h */ = {isa = PBXFileReference; fileEncoding = 4; lastKnownFileType = sourcecode.c.h; path = CLoginViewController.h; sourceTree = "<group>"; };
		455B4BED1182578300C6FF0B /* CLoginViewController.m */ = {isa = PBXFileReference; fileEncoding = 4; lastKnownFileType = sourcecode.c.objc; path = CLoginViewController.m; sourceTree = "<group>"; };
		455B4BEE1182578300C6FF0B /* CPicker.h */ = {isa = PBXFileReference; fileEncoding = 4; lastKnownFileType = sourcecode.c.h; path = CPicker.h; sourceTree = "<group>"; };
		455B4BEF1182578300C6FF0B /* CPicker.m */ = {isa = PBXFileReference; fileEncoding = 4; lastKnownFileType = sourcecode.c.objc; path = CPicker.m; sourceTree = "<group>"; };
		455B4BF01182578300C6FF0B /* CPickerTableViewController.h */ = {isa = PBXFileReference; fileEncoding = 4; lastKnownFileType = sourcecode.c.h; path = CPickerTableViewController.h; sourceTree = "<group>"; };
		455B4BF11182578300C6FF0B /* CPickerTableViewController.m */ = {isa = PBXFileReference; fileEncoding = 4; lastKnownFileType = sourcecode.c.objc; path = CPickerTableViewController.m; sourceTree = "<group>"; };
		455B4BF21182578300C6FF0B /* CTextEntryPickerViewController.h */ = {isa = PBXFileReference; fileEncoding = 4; lastKnownFileType = sourcecode.c.h; path = CTextEntryPickerViewController.h; sourceTree = "<group>"; };
		455B4BF31182578300C6FF0B /* CTextEntryPickerViewController.m */ = {isa = PBXFileReference; fileEncoding = 4; lastKnownFileType = sourcecode.c.objc; path = CTextEntryPickerViewController.m; sourceTree = "<group>"; };
		455B4BF41182578300C6FF0B /* CValuesPickerController.h */ = {isa = PBXFileReference; fileEncoding = 4; lastKnownFileType = sourcecode.c.h; path = CValuesPickerController.h; sourceTree = "<group>"; };
		455B4BF51182578300C6FF0B /* CValuesPickerController.m */ = {isa = PBXFileReference; fileEncoding = 4; lastKnownFileType = sourcecode.c.objc; path = CValuesPickerController.m; sourceTree = "<group>"; };
		455B4BF61182578300C6FF0B /* CValuesPickerController.xib */ = {isa = PBXFileReference; lastKnownFileType = file.xib; path = CValuesPickerController.xib; sourceTree = "<group>"; };
		455B4BF81182578300C6FF0B /* CDateRangePickerController.h */ = {isa = PBXFileReference; fileEncoding = 4; lastKnownFileType = sourcecode.c.h; path = CDateRangePickerController.h; sourceTree = "<group>"; };
		455B4BF91182578300C6FF0B /* CDateRangePickerController.m */ = {isa = PBXFileReference; fileEncoding = 4; lastKnownFileType = sourcecode.c.objc; path = CDateRangePickerController.m; sourceTree = "<group>"; };
		455B4BFA1182578300C6FF0B /* CDateRangePickerController.xib */ = {isa = PBXFileReference; lastKnownFileType = file.xib; path = CDateRangePickerController.xib; sourceTree = "<group>"; };
		455B4C4411827F1E00C6FF0B /* UIViewController_Extensions.h */ = {isa = PBXFileReference; fileEncoding = 4; lastKnownFileType = sourcecode.c.h; path = UIViewController_Extensions.h; sourceTree = "<group>"; };
		455B4C4511827F1E00C6FF0B /* UIViewController_Extensions.m */ = {isa = PBXFileReference; fileEncoding = 4; lastKnownFileType = sourcecode.c.objc; path = UIViewController_Extensions.m; sourceTree = "<group>"; };
		455B4C4911827F3300C6FF0B /* CButtonTableViewCell.h */ = {isa = PBXFileReference; fileEncoding = 4; lastKnownFileType = sourcecode.c.h; path = CButtonTableViewCell.h; sourceTree = "<group>"; };
		455B4C4A11827F3300C6FF0B /* CButtonTableViewCell.m */ = {isa = PBXFileReference; fileEncoding = 4; lastKnownFileType = sourcecode.c.objc; path = CButtonTableViewCell.m; sourceTree = "<group>"; };
		455B4C4E11827F5B00C6FF0B /* CValueValidator.h */ = {isa = PBXFileReference; fileEncoding = 4; lastKnownFileType = sourcecode.c.h; path = CValueValidator.h; sourceTree = "<group>"; };
		455B4C4F11827F5B00C6FF0B /* CValueValidator.m */ = {isa = PBXFileReference; fileEncoding = 4; lastKnownFileType = sourcecode.c.objc; path = CValueValidator.m; sourceTree = "<group>"; };
		455B4C5411827F8700C6FF0B /* CGlossyButton.h */ = {isa = PBXFileReference; fileEncoding = 4; lastKnownFileType = sourcecode.c.h; path = CGlossyButton.h; sourceTree = "<group>"; };
		455B4C5511827F8700C6FF0B /* CGlossyButton.m */ = {isa = PBXFileReference; fileEncoding = 4; lastKnownFileType = sourcecode.c.objc; path = CGlossyButton.m; sourceTree = "<group>"; };
		455B4C5611827F8700C6FF0B /* glossyButton-disabled.png */ = {isa = PBXFileReference; lastKnownFileType = image.png; path = "glossyButton-disabled.png"; sourceTree = "<group>"; };
		455B4C5711827F8700C6FF0B /* glossyButton-highlighted.png */ = {isa = PBXFileReference; lastKnownFileType = image.png; path = "glossyButton-highlighted.png"; sourceTree = "<group>"; };
		455B4C5811827F8700C6FF0B /* glossyButton-normal.png */ = {isa = PBXFileReference; lastKnownFileType = image.png; path = "glossyButton-normal.png"; sourceTree = "<group>"; };
		455B4C6511827FD000C6FF0B /* MessageUI.framework */ = {isa = PBXFileReference; lastKnownFileType = wrapper.framework; name = MessageUI.framework; path = System/Library/Frameworks/MessageUI.framework; sourceTree = SDKROOT; };
		45A8EFC510754A4C008BEAFE /* Base64Transcoder.c */ = {isa = PBXFileReference; fileEncoding = 4; lastKnownFileType = sourcecode.c.c; path = Base64Transcoder.c; sourceTree = "<group>"; };
		45A8EFC610754A4C008BEAFE /* Base64Transcoder.h */ = {isa = PBXFileReference; fileEncoding = 4; lastKnownFileType = sourcecode.c.h; path = Base64Transcoder.h; sourceTree = "<group>"; };
		45A8EFC710754A4C008BEAFE /* CBetterOperation.h */ = {isa = PBXFileReference; fileEncoding = 4; lastKnownFileType = sourcecode.c.h; path = CBetterOperation.h; sourceTree = "<group>"; };
		45A8EFC810754A4C008BEAFE /* CBetterOperation.m */ = {isa = PBXFileReference; fileEncoding = 4; lastKnownFileType = sourcecode.c.objc; path = CBetterOperation.m; sourceTree = "<group>"; };
		45A8EFC910754A4C008BEAFE /* CCommaArrayTransformer.h */ = {isa = PBXFileReference; fileEncoding = 4; lastKnownFileType = sourcecode.c.h; path = CCommaArrayTransformer.h; sourceTree = "<group>"; };
		45A8EFCA10754A4C008BEAFE /* CCommaArrayTransformer.m */ = {isa = PBXFileReference; fileEncoding = 4; lastKnownFileType = sourcecode.c.objc; path = CCommaArrayTransformer.m; sourceTree = "<group>"; };
		45A8EFCB10754A4C008BEAFE /* CConcurrentOperation.h */ = {isa = PBXFileReference; fileEncoding = 4; lastKnownFileType = sourcecode.c.h; path = CConcurrentOperation.h; sourceTree = "<group>"; };
		45A8EFCC10754A4C008BEAFE /* CConcurrentOperation.m */ = {isa = PBXFileReference; fileEncoding = 4; lastKnownFileType = sourcecode.c.objc; path = CConcurrentOperation.m; sourceTree = "<group>"; };
		45A8EFCD10754A4C008BEAFE /* CDateRange.h */ = {isa = PBXFileReference; fileEncoding = 4; lastKnownFileType = sourcecode.c.h; path = CDateRange.h; sourceTree = "<group>"; };
		45A8EFCE10754A4C008BEAFE /* CDateRange.m */ = {isa = PBXFileReference; fileEncoding = 4; lastKnownFileType = sourcecode.c.objc; path = CDateRange.m; sourceTree = "<group>"; };
		45A8EFCF10754A4C008BEAFE /* CFloatTransformer.h */ = {isa = PBXFileReference; fileEncoding = 4; lastKnownFileType = sourcecode.c.h; path = CFloatTransformer.h; sourceTree = "<group>"; };
		45A8EFD010754A4C008BEAFE /* CFloatTransformer.m */ = {isa = PBXFileReference; fileEncoding = 4; lastKnownFileType = sourcecode.c.objc; path = CFloatTransformer.m; sourceTree = "<group>"; };
		45A8EFD110754A4C008BEAFE /* CHumanDateFormatter.h */ = {isa = PBXFileReference; fileEncoding = 4; lastKnownFileType = sourcecode.c.h; path = CHumanDateFormatter.h; sourceTree = "<group>"; };
		45A8EFD210754A4C008BEAFE /* CHumanDateFormatter.m */ = {isa = PBXFileReference; fileEncoding = 4; lastKnownFileType = sourcecode.c.objc; path = CHumanDateFormatter.m; sourceTree = "<group>"; };
		45A8EFD510754A4C008BEAFE /* CLazyCache.h */ = {isa = PBXFileReference; fileEncoding = 4; lastKnownFileType = sourcecode.c.h; path = CLazyCache.h; sourceTree = "<group>"; };
		45A8EFD610754A4C008BEAFE /* CLazyCache.m */ = {isa = PBXFileReference; fileEncoding = 4; lastKnownFileType = sourcecode.c.objc; path = CLazyCache.m; sourceTree = "<group>"; };
		45A8EFD810754A4C008BEAFE /* CCoreDataManager.h */ = {isa = PBXFileReference; fileEncoding = 4; lastKnownFileType = sourcecode.c.h; path = CCoreDataManager.h; sourceTree = "<group>"; };
		45A8EFD910754A4C008BEAFE /* CCoreDataManager.m */ = {isa = PBXFileReference; fileEncoding = 4; lastKnownFileType = sourcecode.c.objc; path = CCoreDataManager.m; sourceTree = "<group>"; };
		45A8EFDA10754A4C008BEAFE /* CEntityDataSource.h */ = {isa = PBXFileReference; fileEncoding = 4; lastKnownFileType = sourcecode.c.h; path = CEntityDataSource.h; sourceTree = "<group>"; };
		45A8EFDB10754A4C008BEAFE /* CEntityDataSource.m */ = {isa = PBXFileReference; fileEncoding = 4; lastKnownFileType = sourcecode.c.objc; path = CEntityDataSource.m; sourceTree = "<group>"; };
		45A8EFDC10754A4C008BEAFE /* NSManagedObjectContext_Extensions.h */ = {isa = PBXFileReference; fileEncoding = 4; lastKnownFileType = sourcecode.c.h; path = NSManagedObjectContext_Extensions.h; sourceTree = "<group>"; };
		45A8EFDD10754A4C008BEAFE /* NSManagedObjectContext_Extensions.m */ = {isa = PBXFileReference; fileEncoding = 4; lastKnownFileType = sourcecode.c.objc; path = NSManagedObjectContext_Extensions.m; sourceTree = "<group>"; };
		45A8EFDE10754A4C008BEAFE /* CPointerArray.h */ = {isa = PBXFileReference; fileEncoding = 4; lastKnownFileType = sourcecode.c.h; path = CPointerArray.h; sourceTree = "<group>"; };
		45A8EFDF10754A4C008BEAFE /* CPointerArray.m */ = {isa = PBXFileReference; fileEncoding = 4; lastKnownFileType = sourcecode.c.objc; path = CPointerArray.m; sourceTree = "<group>"; };
		45A8EFE010754A4C008BEAFE /* CTempFile.h */ = {isa = PBXFileReference; fileEncoding = 4; lastKnownFileType = sourcecode.c.h; path = CTempFile.h; sourceTree = "<group>"; };
		45A8EFE110754A4C008BEAFE /* CTempFile.m */ = {isa = PBXFileReference; fileEncoding = 4; lastKnownFileType = sourcecode.c.objc; path = CTempFile.m; sourceTree = "<group>"; };
		45A8EFE210754A4C008BEAFE /* CTrivialTemplate.h */ = {isa = PBXFileReference; fileEncoding = 4; lastKnownFileType = sourcecode.c.h; path = CTrivialTemplate.h; sourceTree = "<group>"; };
		45A8EFE310754A4C008BEAFE /* CTrivialTemplate.m */ = {isa = PBXFileReference; fileEncoding = 4; lastKnownFileType = sourcecode.c.objc; path = CTrivialTemplate.m; sourceTree = "<group>"; };
		45A8EFE610754A4C008BEAFE /* NSDate_Extensions.h */ = {isa = PBXFileReference; fileEncoding = 4; lastKnownFileType = sourcecode.c.h; path = NSDate_Extensions.h; sourceTree = "<group>"; };
		45A8EFE710754A4C008BEAFE /* NSDate_Extensions.m */ = {isa = PBXFileReference; fileEncoding = 4; lastKnownFileType = sourcecode.c.objc; path = NSDate_Extensions.m; sourceTree = "<group>"; };
		45A8EFE810754A4C008BEAFE /* NSDate_InternetDateExtensions.h */ = {isa = PBXFileReference; fileEncoding = 4; lastKnownFileType = sourcecode.c.h; path = NSDate_InternetDateExtensions.h; sourceTree = "<group>"; };
		45A8EFE910754A4C008BEAFE /* NSDate_InternetDateExtensions.m */ = {isa = PBXFileReference; fileEncoding = 4; lastKnownFileType = sourcecode.c.objc; path = NSDate_InternetDateExtensions.m; sourceTree = "<group>"; };
		45A8EFEA10754A4C008BEAFE /* NSDateFormatter_InternetDateExtensions.h */ = {isa = PBXFileReference; fileEncoding = 4; lastKnownFileType = sourcecode.c.h; path = NSDateFormatter_InternetDateExtensions.h; sourceTree = "<group>"; };
		45A8EFEB10754A4C008BEAFE /* NSDateFormatter_InternetDateExtensions.m */ = {isa = PBXFileReference; fileEncoding = 4; lastKnownFileType = sourcecode.c.objc; path = NSDateFormatter_InternetDateExtensions.m; sourceTree = "<group>"; };
		45A8EFEC10754A4C008BEAFE /* NSDecimalNumber_Extensions.h */ = {isa = PBXFileReference; fileEncoding = 4; lastKnownFileType = sourcecode.c.h; path = NSDecimalNumber_Extensions.h; sourceTree = "<group>"; };
		45A8EFED10754A4C008BEAFE /* NSDecimalNumber_Extensions.m */ = {isa = PBXFileReference; fileEncoding = 4; lastKnownFileType = sourcecode.c.objc; path = NSDecimalNumber_Extensions.m; sourceTree = "<group>"; };
		45A8EFEE10754A4C008BEAFE /* NSFileManager_Extensions.h */ = {isa = PBXFileReference; fileEncoding = 4; lastKnownFileType = sourcecode.c.h; path = NSFileManager_Extensions.h; sourceTree = "<group>"; };
		45A8EFEF10754A4C008BEAFE /* NSFileManager_Extensions.m */ = {isa = PBXFileReference; fileEncoding = 4; lastKnownFileType = sourcecode.c.objc; path = NSFileManager_Extensions.m; sourceTree = "<group>"; };
		45A8EFF010754A4C008BEAFE /* NSIndexPath_Extensions.h */ = {isa = PBXFileReference; fileEncoding = 4; lastKnownFileType = sourcecode.c.h; path = NSIndexPath_Extensions.h; sourceTree = "<group>"; };
		45A8EFF110754A4C008BEAFE /* NSIndexPath_Extensions.m */ = {isa = PBXFileReference; fileEncoding = 4; lastKnownFileType = sourcecode.c.objc; path = NSIndexPath_Extensions.m; sourceTree = "<group>"; };
		45A8EFF210754A4C008BEAFE /* NSOperation_DebugExtensions.h */ = {isa = PBXFileReference; fileEncoding = 4; lastKnownFileType = sourcecode.c.h; path = NSOperation_DebugExtensions.h; sourceTree = "<group>"; };
		45A8EFF310754A4C008BEAFE /* NSOperation_DebugExtensions.m */ = {isa = PBXFileReference; fileEncoding = 4; lastKnownFileType = sourcecode.c.objc; path = NSOperation_DebugExtensions.m; sourceTree = "<group>"; };
		45A8EFF410754A4C008BEAFE /* NSOperationQueue_Extensions.h */ = {isa = PBXFileReference; fileEncoding = 4; lastKnownFileType = sourcecode.c.h; path = NSOperationQueue_Extensions.h; sourceTree = "<group>"; };
		45A8EFF510754A4C008BEAFE /* NSOperationQueue_Extensions.m */ = {isa = PBXFileReference; fileEncoding = 4; lastKnownFileType = sourcecode.c.objc; path = NSOperationQueue_Extensions.m; sourceTree = "<group>"; };
		45A8EFF610754A4C008BEAFE /* NSScanner_Extensions.h */ = {isa = PBXFileReference; fileEncoding = 4; lastKnownFileType = sourcecode.c.h; path = NSScanner_Extensions.h; sourceTree = "<group>"; };
		45A8EFF710754A4C008BEAFE /* NSScanner_Extensions.m */ = {isa = PBXFileReference; fileEncoding = 4; lastKnownFileType = sourcecode.c.objc; path = NSScanner_Extensions.m; sourceTree = "<group>"; };
		45A8EFF810754A4C008BEAFE /* NSScanner_HTMLExtensions.h */ = {isa = PBXFileReference; fileEncoding = 4; lastKnownFileType = sourcecode.c.h; path = NSScanner_HTMLExtensions.h; sourceTree = "<group>"; };
		45A8EFF910754A4C008BEAFE /* NSScanner_HTMLExtensions.m */ = {isa = PBXFileReference; fileEncoding = 4; lastKnownFileType = sourcecode.c.objc; path = NSScanner_HTMLExtensions.m; sourceTree = "<group>"; };
		45A8EFFA10754A4C008BEAFE /* NSString_Extensions.h */ = {isa = PBXFileReference; fileEncoding = 4; lastKnownFileType = sourcecode.c.h; path = NSString_Extensions.h; sourceTree = "<group>"; };
		45A8EFFB10754A4C008BEAFE /* NSString_Extensions.m */ = {isa = PBXFileReference; fileEncoding = 4; lastKnownFileType = sourcecode.c.objc; path = NSString_Extensions.m; sourceTree = "<group>"; };
		45A8EFFC10754A4C008BEAFE /* NSURL_Extensions.h */ = {isa = PBXFileReference; fileEncoding = 4; lastKnownFileType = sourcecode.c.h; path = NSURL_Extensions.h; sourceTree = "<group>"; };
		45A8EFFD10754A4C008BEAFE /* NSURL_Extensions.m */ = {isa = PBXFileReference; fileEncoding = 4; lastKnownFileType = sourcecode.c.objc; path = NSURL_Extensions.m; sourceTree = "<group>"; };
		45A8F00010754A4C008BEAFE /* NSValue_Extensions.h */ = {isa = PBXFileReference; fileEncoding = 4; lastKnownFileType = sourcecode.c.h; path = NSValue_Extensions.h; sourceTree = "<group>"; };
		45A8F00110754A4C008BEAFE /* NSValue_Extensions.m */ = {isa = PBXFileReference; fileEncoding = 4; lastKnownFileType = sourcecode.c.objc; path = NSValue_Extensions.m; sourceTree = "<group>"; };
		45A8F00310754A4C008BEAFE /* CInvocationGrabber.h */ = {isa = PBXFileReference; fileEncoding = 4; lastKnownFileType = sourcecode.c.h; path = CInvocationGrabber.h; sourceTree = "<group>"; };
		45A8F00410754A4C008BEAFE /* CInvocationGrabber.m */ = {isa = PBXFileReference; fileEncoding = 4; lastKnownFileType = sourcecode.c.objc; path = CInvocationGrabber.m; sourceTree = "<group>"; };
		45A8F00510754A4C008BEAFE /* NSObject_InvocationGrabberExtensions.h */ = {isa = PBXFileReference; fileEncoding = 4; lastKnownFileType = sourcecode.c.h; path = NSObject_InvocationGrabberExtensions.h; sourceTree = "<group>"; };
		45A8F00610754A4C008BEAFE /* NSObject_InvocationGrabberExtensions.m */ = {isa = PBXFileReference; fileEncoding = 4; lastKnownFileType = sourcecode.c.objc; path = NSObject_InvocationGrabberExtensions.m; sourceTree = "<group>"; };
		45A8F00C10754A4C008BEAFE /* CBundleResourceURLProtocol.h */ = {isa = PBXFileReference; fileEncoding = 4; lastKnownFileType = sourcecode.c.h; path = CBundleResourceURLProtocol.h; sourceTree = "<group>"; };
		45A8F00D10754A4C008BEAFE /* CBundleResourceURLProtocol.m */ = {isa = PBXFileReference; fileEncoding = 4; lastKnownFileType = sourcecode.c.objc; path = CBundleResourceURLProtocol.m; sourceTree = "<group>"; };
		45A8F00F10754A4C008BEAFE /* CNumberToStringValueTransformer.h */ = {isa = PBXFileReference; fileEncoding = 4; lastKnownFileType = sourcecode.c.h; path = CNumberToStringValueTransformer.h; sourceTree = "<group>"; };
		45A8F01010754A4C008BEAFE /* CNumberToStringValueTransformer.m */ = {isa = PBXFileReference; fileEncoding = 4; lastKnownFileType = sourcecode.c.objc; path = CNumberToStringValueTransformer.m; sourceTree = "<group>"; };
		45A8F01310754A4C008BEAFE /* UIDevice_Extensions.h */ = {isa = PBXFileReference; fileEncoding = 4; lastKnownFileType = sourcecode.c.h; path = UIDevice_Extensions.h; sourceTree = "<group>"; };
		45A8F01410754A4C008BEAFE /* UIDevice_Extensions.m */ = {isa = PBXFileReference; fileEncoding = 4; lastKnownFileType = sourcecode.c.objc; path = UIDevice_Extensions.m; sourceTree = "<group>"; };
		45A8F0B710754D68008BEAFE /* Geometry.h */ = {isa = PBXFileReference; fileEncoding = 4; lastKnownFileType = sourcecode.c.h; path = Geometry.h; sourceTree = "<group>"; };
		45A8F0B810754D68008BEAFE /* Geometry.m */ = {isa = PBXFileReference; fileEncoding = 4; lastKnownFileType = sourcecode.c.objc; path = Geometry.m; sourceTree = "<group>"; };
		45A8F0BA10754D68008BEAFE /* CALayer_Extensions.h */ = {isa = PBXFileReference; fileEncoding = 4; lastKnownFileType = sourcecode.c.h; path = CALayer_Extensions.h; sourceTree = "<group>"; };
		45A8F0BB10754D68008BEAFE /* CALayer_Extensions.m */ = {isa = PBXFileReference; fileEncoding = 4; lastKnownFileType = sourcecode.c.objc; path = CALayer_Extensions.m; sourceTree = "<group>"; };
		45A8F0BC10754D68008BEAFE /* CAScrollLayer_Extensions.h */ = {isa = PBXFileReference; fileEncoding = 4; lastKnownFileType = sourcecode.c.h; path = CAScrollLayer_Extensions.h; sourceTree = "<group>"; };
		45A8F0BD10754D68008BEAFE /* CAScrollLayer_Extensions.m */ = {isa = PBXFileReference; fileEncoding = 4; lastKnownFileType = sourcecode.c.objc; path = CAScrollLayer_Extensions.m; sourceTree = "<group>"; };
		45A8F0BF10754D68008BEAFE /* QuartzConvenienceFunctions.h */ = {isa = PBXFileReference; fileEncoding = 4; lastKnownFileType = sourcecode.c.h; path = QuartzConvenienceFunctions.h; sourceTree = "<group>"; };
		45A8F0C010754D68008BEAFE /* QuartzConvenienceFunctions.m */ = {isa = PBXFileReference; fileEncoding = 4; lastKnownFileType = sourcecode.c.objc; path = QuartzConvenienceFunctions.m; sourceTree = "<group>"; };
		45A8F0C110754D68008BEAFE /* QuartzUtilities.h */ = {isa = PBXFileReference; fileEncoding = 4; lastKnownFileType = sourcecode.c.h; path = QuartzUtilities.h; sourceTree = "<group>"; };
		45A8F0C210754D68008BEAFE /* QuartzUtilities.m */ = {isa = PBXFileReference; fileEncoding = 4; lastKnownFileType = sourcecode.c.objc; path = QuartzUtilities.m; sourceTree = "<group>"; };
		45A8F0C510754D68008BEAFE /* CWindowViewFlipper.h */ = {isa = PBXFileReference; fileEncoding = 4; lastKnownFileType = sourcecode.c.h; path = CWindowViewFlipper.h; sourceTree = "<group>"; };
		45A8F0C610754D68008BEAFE /* CWindowViewFlipper.m */ = {isa = PBXFileReference; fileEncoding = 4; lastKnownFileType = sourcecode.c.objc; path = CWindowViewFlipper.m; sourceTree = "<group>"; };
		45A8F0CC10754D68008BEAFE /* CTableViewController.h */ = {isa = PBXFileReference; fileEncoding = 4; lastKnownFileType = sourcecode.c.h; path = CTableViewController.h; sourceTree = "<group>"; };
		45A8F0CD10754D68008BEAFE /* CTableViewController.m */ = {isa = PBXFileReference; fileEncoding = 4; lastKnownFileType = sourcecode.c.objc; path = CTableViewController.m; sourceTree = "<group>"; };
		45A8F0CE10754D68008BEAFE /* CTextViewController.h */ = {isa = PBXFileReference; fileEncoding = 4; lastKnownFileType = sourcecode.c.h; path = CTextViewController.h; sourceTree = "<group>"; };
		45A8F0CF10754D68008BEAFE /* CTextViewController.m */ = {isa = PBXFileReference; fileEncoding = 4; lastKnownFileType = sourcecode.c.objc; path = CTextViewController.m; sourceTree = "<group>"; };
		45A8F0D010754D68008BEAFE /* CTextViewController.xib */ = {isa = PBXFileReference; lastKnownFileType = file.xib; path = CTextViewController.xib; sourceTree = "<group>"; };
		45A8F0D210754D68008BEAFE /* browser-back.png */ = {isa = PBXFileReference; lastKnownFileType = image.png; path = "browser-back.png"; sourceTree = "<group>"; };
		45A8F0D310754D68008BEAFE /* browser-forward.png */ = {isa = PBXFileReference; lastKnownFileType = image.png; path = "browser-forward.png"; sourceTree = "<group>"; };
		45A8F0D410754D68008BEAFE /* browser-home.png */ = {isa = PBXFileReference; lastKnownFileType = image.png; path = "browser-home.png"; sourceTree = "<group>"; };
		45A8F0D510754D68008BEAFE /* CWebViewController.h */ = {isa = PBXFileReference; fileEncoding = 4; lastKnownFileType = sourcecode.c.h; path = CWebViewController.h; sourceTree = "<group>"; };
		45A8F0D610754D68008BEAFE /* CWebViewController.m */ = {isa = PBXFileReference; fileEncoding = 4; lastKnownFileType = sourcecode.c.objc; path = CWebViewController.m; sourceTree = "<group>"; };
		45A8F0DC10754D68008BEAFE /* UIColor_Blending.h */ = {isa = PBXFileReference; fileEncoding = 4; lastKnownFileType = sourcecode.c.h; path = UIColor_Blending.h; sourceTree = "<group>"; };
		45A8F0DD10754D68008BEAFE /* UIColor_Blending.m */ = {isa = PBXFileReference; fileEncoding = 4; lastKnownFileType = sourcecode.c.objc; path = UIColor_Blending.m; sourceTree = "<group>"; };
		45A8F0DE10754D68008BEAFE /* UIColor_Extensions.h */ = {isa = PBXFileReference; fileEncoding = 4; lastKnownFileType = sourcecode.c.h; path = UIColor_Extensions.h; sourceTree = "<group>"; };
		45A8F0DF10754D68008BEAFE /* UIColor_Extensions.m */ = {isa = PBXFileReference; fileEncoding = 4; lastKnownFileType = sourcecode.c.objc; path = UIColor_Extensions.m; sourceTree = "<group>"; };
		45A8F0E010754D68008BEAFE /* UIColor_MoreExtensions.h */ = {isa = PBXFileReference; fileEncoding = 4; lastKnownFileType = sourcecode.c.h; path = UIColor_MoreExtensions.h; sourceTree = "<group>"; };
		45A8F0E110754D68008BEAFE /* UIColor_MoreExtensions.m */ = {isa = PBXFileReference; fileEncoding = 4; lastKnownFileType = sourcecode.c.objc; path = UIColor_MoreExtensions.m; sourceTree = "<group>"; };
		45A8F0E210754D68008BEAFE /* UIImage_Extensions.h */ = {isa = PBXFileReference; fileEncoding = 4; lastKnownFileType = sourcecode.c.h; path = UIImage_Extensions.h; sourceTree = "<group>"; };
		45A8F0E310754D68008BEAFE /* UIImage_Extensions.m */ = {isa = PBXFileReference; fileEncoding = 4; lastKnownFileType = sourcecode.c.objc; path = UIImage_Extensions.m; sourceTree = "<group>"; };
		45A8F0E410754D68008BEAFE /* UIImage_MaskExtensions.h */ = {isa = PBXFileReference; fileEncoding = 4; lastKnownFileType = sourcecode.c.h; path = UIImage_MaskExtensions.h; sourceTree = "<group>"; };
		45A8F0E510754D68008BEAFE /* UIImage_MaskExtensions.m */ = {isa = PBXFileReference; fileEncoding = 4; lastKnownFileType = sourcecode.c.objc; path = UIImage_MaskExtensions.m; sourceTree = "<group>"; };
		45A8F0E610754D68008BEAFE /* UIView_Extensions.h */ = {isa = PBXFileReference; fileEncoding = 4; lastKnownFileType = sourcecode.c.h; path = UIView_Extensions.h; sourceTree = "<group>"; };
		45A8F0E710754D68008BEAFE /* UIView_Extensions.m */ = {isa = PBXFileReference; fileEncoding = 4; lastKnownFileType = sourcecode.c.objc; path = UIView_Extensions.m; sourceTree = "<group>"; };
		45A8F0F610754D68008BEAFE /* CErrorPresenter.h */ = {isa = PBXFileReference; fileEncoding = 4; lastKnownFileType = sourcecode.c.h; path = CErrorPresenter.h; sourceTree = "<group>"; };
		45A8F0F710754D68008BEAFE /* CErrorPresenter.m */ = {isa = PBXFileReference; fileEncoding = 4; lastKnownFileType = sourcecode.c.objc; path = CErrorPresenter.m; sourceTree = "<group>"; };
		45A8F0FC10754D68008BEAFE /* CSpinnerTableViewCell.h */ = {isa = PBXFileReference; fileEncoding = 4; lastKnownFileType = sourcecode.c.h; path = CSpinnerTableViewCell.h; sourceTree = "<group>"; };
		45A8F0FD10754D68008BEAFE /* CSpinnerTableViewCell.m */ = {isa = PBXFileReference; fileEncoding = 4; lastKnownFileType = sourcecode.c.objc; path = CSpinnerTableViewCell.m; sourceTree = "<group>"; };
		45A8F10610754D68008BEAFE /* CBetterAlertView.h */ = {isa = PBXFileReference; fileEncoding = 4; lastKnownFileType = sourcecode.c.h; path = CBetterAlertView.h; sourceTree = "<group>"; };
		45A8F10710754D68008BEAFE /* CBetterAlertView.m */ = {isa = PBXFileReference; fileEncoding = 4; lastKnownFileType = sourcecode.c.objc; path = CBetterAlertView.m; sourceTree = "<group>"; };
		45A8F10810754D68008BEAFE /* CBetterLabel.h */ = {isa = PBXFileReference; fileEncoding = 4; lastKnownFileType = sourcecode.c.h; path = CBetterLabel.h; sourceTree = "<group>"; };
		45A8F10910754D68008BEAFE /* CBetterLabel.m */ = {isa = PBXFileReference; fileEncoding = 4; lastKnownFileType = sourcecode.c.objc; path = CBetterLabel.m; sourceTree = "<group>"; };
		45A8F10A10754D68008BEAFE /* CBorderView.h */ = {isa = PBXFileReference; fileEncoding = 4; lastKnownFileType = sourcecode.c.h; path = CBorderView.h; sourceTree = "<group>"; };
		45A8F10B10754D68008BEAFE /* CBorderView.m */ = {isa = PBXFileReference; fileEncoding = 4; lastKnownFileType = sourcecode.c.objc; path = CBorderView.m; sourceTree = "<group>"; };
		45A8F10E10754D68008BEAFE /* CFullScreenView.h */ = {isa = PBXFileReference; fileEncoding = 4; lastKnownFileType = sourcecode.c.h; path = CFullScreenView.h; sourceTree = "<group>"; };
		45A8F10F10754D68008BEAFE /* CFullScreenView.m */ = {isa = PBXFileReference; fileEncoding = 4; lastKnownFileType = sourcecode.c.objc; path = CFullScreenView.m; sourceTree = "<group>"; };
		45A8F11210754D68008BEAFE /* CLayoutManagedView.h */ = {isa = PBXFileReference; fileEncoding = 4; lastKnownFileType = sourcecode.c.h; path = CLayoutManagedView.h; sourceTree = "<group>"; };
		45A8F11310754D68008BEAFE /* CLayoutManagedView.m */ = {isa = PBXFileReference; fileEncoding = 4; lastKnownFileType = sourcecode.c.objc; path = CLayoutManagedView.m; sourceTree = "<group>"; };
		45A8F11610754D68008BEAFE /* CLinkLabel.h */ = {isa = PBXFileReference; fileEncoding = 4; lastKnownFileType = sourcecode.c.h; path = CLinkLabel.h; sourceTree = "<group>"; };
		45A8F11710754D68008BEAFE /* CLinkLabel.m */ = {isa = PBXFileReference; fileEncoding = 4; lastKnownFileType = sourcecode.c.objc; path = CLinkLabel.m; sourceTree = "<group>"; };
		45A8F11B10754D68008BEAFE /* CTapView.h */ = {isa = PBXFileReference; fileEncoding = 4; lastKnownFileType = sourcecode.c.h; path = CTapView.h; sourceTree = "<group>"; };
		45A8F11C10754D68008BEAFE /* CTapView.m */ = {isa = PBXFileReference; fileEncoding = 4; lastKnownFileType = sourcecode.c.objc; path = CTapView.m; sourceTree = "<group>"; };
		45A8F11F10754D68008BEAFE /* UIViewDebugging.h */ = {isa = PBXFileReference; fileEncoding = 4; lastKnownFileType = sourcecode.c.h; path = UIViewDebugging.h; sourceTree = "<group>"; };
		45A8F12010754D68008BEAFE /* UIViewDebugging.m */ = {isa = PBXFileReference; fileEncoding = 4; lastKnownFileType = sourcecode.c.objc; path = UIViewDebugging.m; sourceTree = "<group>"; };
		45F5E3A30FBF500E004029AE /* CoreLocation.framework */ = {isa = PBXFileReference; lastKnownFileType = wrapper.framework; name = CoreLocation.framework; path = System/Library/Frameworks/CoreLocation.framework; sourceTree = SDKROOT; };
		45F5E3A40FBF500E004029AE /* QuartzCore.framework */ = {isa = PBXFileReference; lastKnownFileType = wrapper.framework; name = QuartzCore.framework; path = System/Library/Frameworks/QuartzCore.framework; sourceTree = SDKROOT; };
		8D1107310486CEB800E47090 /* TouchUI_Demo-Info.plist */ = {isa = PBXFileReference; fileEncoding = 4; lastKnownFileType = text.plist.xml; path = "TouchUI_Demo-Info.plist"; plistStructureDefinitionIdentifier = "com.apple.xcode.plist.structure-definition.iphone.info-plist"; sourceTree = "<group>"; };
/* End PBXFileReference section */

/* Begin PBXFrameworksBuildPhase section */
		1D60588F0D05DD3D006BFB54 /* Frameworks */ = {
			isa = PBXFrameworksBuildPhase;
			buildActionMask = 2147483647;
			files = (
				1D60589F0D05DD5A006BFB54 /* Foundation.framework in Frameworks */,
				1DF5F4E00D08C38300B7A737 /* UIKit.framework in Frameworks */,
				288765A50DF7441C002DB57D /* CoreGraphics.framework in Frameworks */,
				45F5E3A50FBF500E004029AE /* CoreLocation.framework in Frameworks */,
				45F5E3A60FBF500E004029AE /* QuartzCore.framework in Frameworks */,
				455B4C6611827FD000C6FF0B /* MessageUI.framework in Frameworks */,
			);
			runOnlyForDeploymentPostprocessing = 0;
		};
/* End PBXFrameworksBuildPhase section */

/* Begin PBXGroup section */
		080E96DDFE201D6D7F000001 /* Classes */ = {
			isa = PBXGroup;
			children = (
				1D3623240D0F684500981E51 /* TouchUI_DemoAppDelegate.h */,
				1D3623250D0F684500981E51 /* TouchUI_DemoAppDelegate.m */,
			);
			path = Classes;
			sourceTree = "<group>";
		};
		19C28FACFE9D520D11CA2CBB /* Products */ = {
			isa = PBXGroup;
			children = (
				1D6058910D05DD3D006BFB54 /* TouchUI_Demo.app */,
			);
			name = Products;
			sourceTree = "<group>";
		};
		29B97314FDCFA39411CA2CEA /* CustomTemplate */ = {
			isa = PBXGroup;
			children = (
				45A8EFC310754A4C008BEAFE /* Support */,
				080E96DDFE201D6D7F000001 /* Classes */,
				45A8F0B510754D68008BEAFE /* TouchUI */,
				29B97315FDCFA39411CA2CEA /* Other Sources */,
				29B97317FDCFA39411CA2CEA /* Resources */,
				29B97323FDCFA39411CA2CEA /* Frameworks */,
				19C28FACFE9D520D11CA2CBB /* Products */,
				455B4C6511827FD000C6FF0B /* MessageUI.framework */,
			);
			name = CustomTemplate;
			sourceTree = "<group>";
		};
		29B97315FDCFA39411CA2CEA /* Other Sources */ = {
			isa = PBXGroup;
			children = (
				32CA4F630368D1EE00C91783 /* TouchUI_Demo_Prefix.pch */,
				29B97316FDCFA39411CA2CEA /* main.m */,
			);
			name = "Other Sources";
			sourceTree = "<group>";
		};
		29B97317FDCFA39411CA2CEA /* Resources */ = {
			isa = PBXGroup;
			children = (
				2899E5210DE3E06400AC0155 /* TouchUI_DemoViewController.xib */,
				28AD733E0D9D9553002E5188 /* MainWindow.xib */,
				8D1107310486CEB800E47090 /* TouchUI_Demo-Info.plist */,
			);
			name = Resources;
			sourceTree = "<group>";
		};
		29B97323FDCFA39411CA2CEA /* Frameworks */ = {
			isa = PBXGroup;
			children = (
				45F5E3A30FBF500E004029AE /* CoreLocation.framework */,
				45F5E3A40FBF500E004029AE /* QuartzCore.framework */,
				1DF5F4DF0D08C38300B7A737 /* UIKit.framework */,
				1D30AB110D05D00D00671497 /* Foundation.framework */,
				288765A40DF7441C002DB57D /* CoreGraphics.framework */,
			);
			name = Frameworks;
			sourceTree = "<group>";
		};
		455B4BB4118256C300C6FF0B /* ISO-8601-parser-0.5 */ = {
			isa = PBXGroup;
			children = (
				455B4BB5118256C300C6FF0B /* ISO8601DateFormatter.h */,
				455B4BB6118256C300C6FF0B /* ISO8601DateFormatter.m */,
			);
			path = "ISO-8601-parser-0.5";
			sourceTree = "<group>";
		};
		455B4BEB1182578300C6FF0B /* Pickers */ = {
			isa = PBXGroup;
			children = (
				455B4BEC1182578300C6FF0B /* CLoginViewController.h */,
				455B4BED1182578300C6FF0B /* CLoginViewController.m */,
				455B4BEE1182578300C6FF0B /* CPicker.h */,
				455B4BEF1182578300C6FF0B /* CPicker.m */,
				455B4BF01182578300C6FF0B /* CPickerTableViewController.h */,
				455B4BF11182578300C6FF0B /* CPickerTableViewController.m */,
				455B4BF21182578300C6FF0B /* CTextEntryPickerViewController.h */,
				455B4BF31182578300C6FF0B /* CTextEntryPickerViewController.m */,
				455B4BF41182578300C6FF0B /* CValuesPickerController.h */,
				455B4BF51182578300C6FF0B /* CValuesPickerController.m */,
				455B4BF61182578300C6FF0B /* CValuesPickerController.xib */,
				455B4BF71182578300C6FF0B /* DeprecatedButWorthSaving */,
			);
			path = Pickers;
			sourceTree = "<group>";
		};
		455B4BF71182578300C6FF0B /* DeprecatedButWorthSaving */ = {
			isa = PBXGroup;
			children = (
				455B4BF81182578300C6FF0B /* CDateRangePickerController.h */,
				455B4BF91182578300C6FF0B /* CDateRangePickerController.m */,
				455B4BFA1182578300C6FF0B /* CDateRangePickerController.xib */,
			);
			path = DeprecatedButWorthSaving;
			sourceTree = "<group>";
		};
		455B4C5311827F8700C6FF0B /* GlossyButton */ = {
			isa = PBXGroup;
			children = (
				455B4C5411827F8700C6FF0B /* CGlossyButton.h */,
				455B4C5511827F8700C6FF0B /* CGlossyButton.m */,
				455B4C5611827F8700C6FF0B /* glossyButton-disabled.png */,
				455B4C5711827F8700C6FF0B /* glossyButton-highlighted.png */,
				455B4C5811827F8700C6FF0B /* glossyButton-normal.png */,
			);
			path = GlossyButton;
			sourceTree = "<group>";
		};
		45A8EFC310754A4C008BEAFE /* Support */ = {
			isa = PBXGroup;
			children = (
				45A8EFC410754A4C008BEAFE /* Common */,
				45A8F01110754A4C008BEAFE /* iPhone */,
			);
			name = Support;
			path = ../../Support;
			sourceTree = SOURCE_ROOT;
		};
		45A8EFC410754A4C008BEAFE /* Common */ = {
			isa = PBXGroup;
			children = (
				455B4C4E11827F5B00C6FF0B /* CValueValidator.h */,
				455B4C4F11827F5B00C6FF0B /* CValueValidator.m */,
				45A8EFC510754A4C008BEAFE /* Base64Transcoder.c */,
				45A8EFC610754A4C008BEAFE /* Base64Transcoder.h */,
				45A8EFC710754A4C008BEAFE /* CBetterOperation.h */,
				45A8EFC810754A4C008BEAFE /* CBetterOperation.m */,
				45A8EFC910754A4C008BEAFE /* CCommaArrayTransformer.h */,
				45A8EFCA10754A4C008BEAFE /* CCommaArrayTransformer.m */,
				45A8EFCB10754A4C008BEAFE /* CConcurrentOperation.h */,
				45A8EFCC10754A4C008BEAFE /* CConcurrentOperation.m */,
				45A8EFCD10754A4C008BEAFE /* CDateRange.h */,
				45A8EFCE10754A4C008BEAFE /* CDateRange.m */,
				45A8EFCF10754A4C008BEAFE /* CFloatTransformer.h */,
				45A8EFD010754A4C008BEAFE /* CFloatTransformer.m */,
				45A8EFD110754A4C008BEAFE /* CHumanDateFormatter.h */,
				45A8EFD210754A4C008BEAFE /* CHumanDateFormatter.m */,
				45A8EFD510754A4C008BEAFE /* CLazyCache.h */,
				45A8EFD610754A4C008BEAFE /* CLazyCache.m */,
				45A8EFD710754A4C008BEAFE /* CoreData */,
				45A8EFDE10754A4C008BEAFE /* CPointerArray.h */,
				45A8EFDF10754A4C008BEAFE /* CPointerArray.m */,
				45A8EFE010754A4C008BEAFE /* CTempFile.h */,
				45A8EFE110754A4C008BEAFE /* CTempFile.m */,
				45A8EFE210754A4C008BEAFE /* CTrivialTemplate.h */,
				45A8EFE310754A4C008BEAFE /* CTrivialTemplate.m */,
				45A8EFE410754A4C008BEAFE /* Extensions */,
				45A8F00210754A4C008BEAFE /* InvocationGrabber */,
				45A8F00B10754A4C008BEAFE /* URLProtocols */,
				45A8F00E10754A4C008BEAFE /* ValueTransformers */,
			);
			path = Common;
			sourceTree = "<group>";
		};
		45A8EFD710754A4C008BEAFE /* CoreData */ = {
			isa = PBXGroup;
			children = (
				45A8EFD810754A4C008BEAFE /* CCoreDataManager.h */,
				45A8EFD910754A4C008BEAFE /* CCoreDataManager.m */,
				45A8EFDA10754A4C008BEAFE /* CEntityDataSource.h */,
				45A8EFDB10754A4C008BEAFE /* CEntityDataSource.m */,
				45A8EFDC10754A4C008BEAFE /* NSManagedObjectContext_Extensions.h */,
				45A8EFDD10754A4C008BEAFE /* NSManagedObjectContext_Extensions.m */,
			);
			path = CoreData;
			sourceTree = "<group>";
		};
		45A8EFE410754A4C008BEAFE /* Extensions */ = {
			isa = PBXGroup;
			children = (
				45A8EFE510754A4C008BEAFE /* Dates */,
				45A8EFEC10754A4C008BEAFE /* NSDecimalNumber_Extensions.h */,
				45A8EFED10754A4C008BEAFE /* NSDecimalNumber_Extensions.m */,
				45A8EFEE10754A4C008BEAFE /* NSFileManager_Extensions.h */,
				45A8EFEF10754A4C008BEAFE /* NSFileManager_Extensions.m */,
				45A8EFF010754A4C008BEAFE /* NSIndexPath_Extensions.h */,
				45A8EFF110754A4C008BEAFE /* NSIndexPath_Extensions.m */,
				45A8EFF210754A4C008BEAFE /* NSOperation_DebugExtensions.h */,
				45A8EFF310754A4C008BEAFE /* NSOperation_DebugExtensions.m */,
				45A8EFF410754A4C008BEAFE /* NSOperationQueue_Extensions.h */,
				45A8EFF510754A4C008BEAFE /* NSOperationQueue_Extensions.m */,
				45A8EFF610754A4C008BEAFE /* NSScanner_Extensions.h */,
				45A8EFF710754A4C008BEAFE /* NSScanner_Extensions.m */,
				45A8EFF810754A4C008BEAFE /* NSScanner_HTMLExtensions.h */,
				45A8EFF910754A4C008BEAFE /* NSScanner_HTMLExtensions.m */,
				45A8EFFA10754A4C008BEAFE /* NSString_Extensions.h */,
				45A8EFFB10754A4C008BEAFE /* NSString_Extensions.m */,
				45A8EFFC10754A4C008BEAFE /* NSURL_Extensions.h */,
				45A8EFFD10754A4C008BEAFE /* NSURL_Extensions.m */,
				45A8F00010754A4C008BEAFE /* NSValue_Extensions.h */,
				45A8F00110754A4C008BEAFE /* NSValue_Extensions.m */,
			);
			path = Extensions;
			sourceTree = "<group>";
		};
		45A8EFE510754A4C008BEAFE /* Dates */ = {
			isa = PBXGroup;
			children = (
				45A8EFE610754A4C008BEAFE /* NSDate_Extensions.h */,
				45A8EFE710754A4C008BEAFE /* NSDate_Extensions.m */,
				45A8EFE810754A4C008BEAFE /* NSDate_InternetDateExtensions.h */,
				45A8EFE910754A4C008BEAFE /* NSDate_InternetDateExtensions.m */,
				45A8EFEA10754A4C008BEAFE /* NSDateFormatter_InternetDateExtensions.h */,
				45A8EFEB10754A4C008BEAFE /* NSDateFormatter_InternetDateExtensions.m */,
				455B4BB4118256C300C6FF0B /* ISO-8601-parser-0.5 */,
			);
			path = Dates;
			sourceTree = "<group>";
		};
		45A8F00210754A4C008BEAFE /* InvocationGrabber */ = {
			isa = PBXGroup;
			children = (
				45A8F00310754A4C008BEAFE /* CInvocationGrabber.h */,
				45A8F00410754A4C008BEAFE /* CInvocationGrabber.m */,
				45A8F00510754A4C008BEAFE /* NSObject_InvocationGrabberExtensions.h */,
				45A8F00610754A4C008BEAFE /* NSObject_InvocationGrabberExtensions.m */,
			);
			path = InvocationGrabber;
			sourceTree = "<group>";
		};
		45A8F00B10754A4C008BEAFE /* URLProtocols */ = {
			isa = PBXGroup;
			children = (
				45A8F00C10754A4C008BEAFE /* CBundleResourceURLProtocol.h */,
				45A8F00D10754A4C008BEAFE /* CBundleResourceURLProtocol.m */,
			);
			path = URLProtocols;
			sourceTree = "<group>";
		};
		45A8F00E10754A4C008BEAFE /* ValueTransformers */ = {
			isa = PBXGroup;
			children = (
				45A8F00F10754A4C008BEAFE /* CNumberToStringValueTransformer.h */,
				45A8F01010754A4C008BEAFE /* CNumberToStringValueTransformer.m */,
			);
			path = ValueTransformers;
			sourceTree = "<group>";
		};
		45A8F01110754A4C008BEAFE /* iPhone */ = {
			isa = PBXGroup;
			children = (
				45A8F01210754A4C008BEAFE /* Extensions */,
			);
			path = iPhone;
			sourceTree = "<group>";
		};
		45A8F01210754A4C008BEAFE /* Extensions */ = {
			isa = PBXGroup;
			children = (
				45A8F01310754A4C008BEAFE /* UIDevice_Extensions.h */,
				45A8F01410754A4C008BEAFE /* UIDevice_Extensions.m */,
			);
			path = Extensions;
			sourceTree = "<group>";
		};
		45A8F0B510754D68008BEAFE /* TouchUI */ = {
			isa = PBXGroup;
			children = (
				45A8F0B610754D68008BEAFE /* Common */,
				45A8F0C310754D68008BEAFE /* iPhone */,
			);
			name = TouchUI;
			path = ..;
			sourceTree = SOURCE_ROOT;
		};
		45A8F0B610754D68008BEAFE /* Common */ = {
			isa = PBXGroup;
			children = (
				45A8F0B710754D68008BEAFE /* Geometry.h */,
				45A8F0B810754D68008BEAFE /* Geometry.m */,
				45A8F0B910754D68008BEAFE /* Layers */,
				45A8F0BE10754D68008BEAFE /* Quartz */,
			);
			path = Common;
			sourceTree = "<group>";
		};
		45A8F0B910754D68008BEAFE /* Layers */ = {
			isa = PBXGroup;
			children = (
				45A8F0BA10754D68008BEAFE /* CALayer_Extensions.h */,
				45A8F0BB10754D68008BEAFE /* CALayer_Extensions.m */,
				45A8F0BC10754D68008BEAFE /* CAScrollLayer_Extensions.h */,
				45A8F0BD10754D68008BEAFE /* CAScrollLayer_Extensions.m */,
			);
			path = Layers;
			sourceTree = "<group>";
		};
		45A8F0BE10754D68008BEAFE /* Quartz */ = {
			isa = PBXGroup;
			children = (
				45A8F0BF10754D68008BEAFE /* QuartzConvenienceFunctions.h */,
				45A8F0C010754D68008BEAFE /* QuartzConvenienceFunctions.m */,
				45A8F0C110754D68008BEAFE /* QuartzUtilities.h */,
				45A8F0C210754D68008BEAFE /* QuartzUtilities.m */,
			);
			path = Quartz;
			sourceTree = "<group>";
		};
		45A8F0C310754D68008BEAFE /* iPhone */ = {
			isa = PBXGroup;
			children = (
				45A8F0C410754D68008BEAFE /* Animation */,
				45A8F0C710754D68008BEAFE /* Controllers */,
				45A8F0DB10754D68008BEAFE /* Extensions */,
				45A8F0E810754D68008BEAFE /* ImageViews */,
				45A8F0F510754D68008BEAFE /* Misc */,
				45A8F0F810754D68008BEAFE /* TableCells */,
				45A8F0FE10754D68008BEAFE /* Tables */,
				45A8F10510754D68008BEAFE /* Views */,
			);
			path = iPhone;
			sourceTree = "<group>";
		};
		45A8F0C410754D68008BEAFE /* Animation */ = {
			isa = PBXGroup;
			children = (
				45A8F0C510754D68008BEAFE /* CWindowViewFlipper.h */,
				45A8F0C610754D68008BEAFE /* CWindowViewFlipper.m */,
			);
			path = Animation;
			sourceTree = "<group>";
		};
		45A8F0C710754D68008BEAFE /* Controllers */ = {
			isa = PBXGroup;
			children = (
				45A8F0CC10754D68008BEAFE /* CTableViewController.h */,
				45A8F0CD10754D68008BEAFE /* CTableViewController.m */,
				45A8F0CE10754D68008BEAFE /* CTextViewController.h */,
				45A8F0CF10754D68008BEAFE /* CTextViewController.m */,
				45A8F0D010754D68008BEAFE /* CTextViewController.xib */,
				455B4BEB1182578300C6FF0B /* Pickers */,
				45A8F0D110754D68008BEAFE /* WebViewController */,
			);
			path = Controllers;
			sourceTree = "<group>";
		};
		45A8F0D110754D68008BEAFE /* WebViewController */ = {
			isa = PBXGroup;
			children = (
				45A8F0D210754D68008BEAFE /* browser-back.png */,
				45A8F0D310754D68008BEAFE /* browser-forward.png */,
				45A8F0D410754D68008BEAFE /* browser-home.png */,
				45A8F0D510754D68008BEAFE /* CWebViewController.h */,
				45A8F0D610754D68008BEAFE /* CWebViewController.m */,
			);
			path = WebViewController;
			sourceTree = "<group>";
		};
		45A8F0DB10754D68008BEAFE /* Extensions */ = {
			isa = PBXGroup;
			children = (
				45A8F0DC10754D68008BEAFE /* UIColor_Blending.h */,
				45A8F0DD10754D68008BEAFE /* UIColor_Blending.m */,
				45A8F0DE10754D68008BEAFE /* UIColor_Extensions.h */,
				45A8F0DF10754D68008BEAFE /* UIColor_Extensions.m */,
				45A8F0E010754D68008BEAFE /* UIColor_MoreExtensions.h */,
				45A8F0E110754D68008BEAFE /* UIColor_MoreExtensions.m */,
				45A8F0E210754D68008BEAFE /* UIImage_Extensions.h */,
				45A8F0E310754D68008BEAFE /* UIImage_Extensions.m */,
				45A8F0E410754D68008BEAFE /* UIImage_MaskExtensions.h */,
				45A8F0E510754D68008BEAFE /* UIImage_MaskExtensions.m */,
				45A8F0E610754D68008BEAFE /* UIView_Extensions.h */,
				45A8F0E710754D68008BEAFE /* UIView_Extensions.m */,
				455B4C4411827F1E00C6FF0B /* UIViewController_Extensions.h */,
				455B4C4511827F1E00C6FF0B /* UIViewController_Extensions.m */,
			);
			path = Extensions;
			sourceTree = "<group>";
		};
		45A8F0E810754D68008BEAFE /* ImageViews */ = {
			isa = PBXGroup;
			children = (
			);
			path = ImageViews;
			sourceTree = "<group>";
		};
		45A8F0F510754D68008BEAFE /* Misc */ = {
			isa = PBXGroup;
			children = (
				45A8F0F610754D68008BEAFE /* CErrorPresenter.h */,
				45A8F0F710754D68008BEAFE /* CErrorPresenter.m */,
				455B4BE31182576A00C6FF0B /* CNetworkActivityManager.h */,
				455B4BE41182576A00C6FF0B /* CNetworkActivityManager.m */,
				455B4BE51182576A00C6FF0B /* CURLOpener.h */,
				455B4BE61182576A00C6FF0B /* CURLOpener.m */,
			);
			path = Misc;
			sourceTree = "<group>";
		};
		45A8F0F810754D68008BEAFE /* TableCells */ = {
			isa = PBXGroup;
			children = (
				455B4C4911827F3300C6FF0B /* CButtonTableViewCell.h */,
				455B4C4A11827F3300C6FF0B /* CButtonTableViewCell.m */,
				45A8F0FC10754D68008BEAFE /* CSpinnerTableViewCell.h */,
				45A8F0FD10754D68008BEAFE /* CSpinnerTableViewCell.m */,
			);
			path = TableCells;
			sourceTree = "<group>";
		};
		45A8F0FE10754D68008BEAFE /* Tables */ = {
			isa = PBXGroup;
			children = (
			);
			path = Tables;
			sourceTree = "<group>";
		};
		45A8F10510754D68008BEAFE /* Views */ = {
			isa = PBXGroup;
			children = (
				455B4C5311827F8700C6FF0B /* GlossyButton */,
				45A8F10610754D68008BEAFE /* CBetterAlertView.h */,
				45A8F10710754D68008BEAFE /* CBetterAlertView.m */,
				45A8F10810754D68008BEAFE /* CBetterLabel.h */,
				45A8F10910754D68008BEAFE /* CBetterLabel.m */,
				45A8F10A10754D68008BEAFE /* CBorderView.h */,
				45A8F10B10754D68008BEAFE /* CBorderView.m */,
				45A8F10E10754D68008BEAFE /* CFullScreenView.h */,
				45A8F10F10754D68008BEAFE /* CFullScreenView.m */,
				45A8F11210754D68008BEAFE /* CLayoutManagedView.h */,
				45A8F11310754D68008BEAFE /* CLayoutManagedView.m */,
				45A8F11610754D68008BEAFE /* CLinkLabel.h */,
				45A8F11710754D68008BEAFE /* CLinkLabel.m */,
				45A8F11B10754D68008BEAFE /* CTapView.h */,
				45A8F11C10754D68008BEAFE /* CTapView.m */,
				45A8F11F10754D68008BEAFE /* UIViewDebugging.h */,
				45A8F12010754D68008BEAFE /* UIViewDebugging.m */,
			);
			path = Views;
			sourceTree = "<group>";
		};
/* End PBXGroup section */

/* Begin PBXNativeTarget section */
		1D6058900D05DD3D006BFB54 /* TouchUI_Demo */ = {
			isa = PBXNativeTarget;
			buildConfigurationList = 1D6058960D05DD3E006BFB54 /* Build configuration list for PBXNativeTarget "TouchUI_Demo" */;
			buildPhases = (
				1D60588D0D05DD3D006BFB54 /* Resources */,
				1D60588E0D05DD3D006BFB54 /* Sources */,
				1D60588F0D05DD3D006BFB54 /* Frameworks */,
			);
			buildRules = (
			);
			dependencies = (
			);
			name = TouchUI_Demo;
			productName = TouchUI_Demo;
			productReference = 1D6058910D05DD3D006BFB54 /* TouchUI_Demo.app */;
			productType = "com.apple.product-type.application";
		};
/* End PBXNativeTarget section */

/* Begin PBXProject section */
		29B97313FDCFA39411CA2CEA /* Project object */ = {
			isa = PBXProject;
			buildConfigurationList = C01FCF4E08A954540054247B /* Build configuration list for PBXProject "TouchUI_Demo" */;
			compatibilityVersion = "Xcode 3.1";
			hasScannedForEncodings = 1;
			mainGroup = 29B97314FDCFA39411CA2CEA /* CustomTemplate */;
			projectDirPath = "";
			projectRoot = "";
			targets = (
				1D6058900D05DD3D006BFB54 /* TouchUI_Demo */,
			);
		};
/* End PBXProject section */

/* Begin PBXResourcesBuildPhase section */
		1D60588D0D05DD3D006BFB54 /* Resources */ = {
			isa = PBXResourcesBuildPhase;
			buildActionMask = 2147483647;
			files = (
				28AD733F0D9D9553002E5188 /* MainWindow.xib in Resources */,
				2899E5220DE3E06400AC0155 /* TouchUI_DemoViewController.xib in Resources */,
				45A8F13D10754D68008BEAFE /* CTextViewController.xib in Resources */,
				45A8F13E10754D68008BEAFE /* browser-back.png in Resources */,
				45A8F13F10754D68008BEAFE /* browser-forward.png in Resources */,
				45A8F14010754D68008BEAFE /* browser-home.png in Resources */,
				455B4C001182578300C6FF0B /* CValuesPickerController.xib in Resources */,
				455B4C021182578300C6FF0B /* CDateRangePickerController.xib in Resources */,
				455B4C5A11827F8700C6FF0B /* glossyButton-disabled.png in Resources */,
				455B4C5B11827F8700C6FF0B /* glossyButton-highlighted.png in Resources */,
				455B4C5C11827F8700C6FF0B /* glossyButton-normal.png in Resources */,
			);
			runOnlyForDeploymentPostprocessing = 0;
		};
/* End PBXResourcesBuildPhase section */

/* Begin PBXSourcesBuildPhase section */
		1D60588E0D05DD3D006BFB54 /* Sources */ = {
			isa = PBXSourcesBuildPhase;
			buildActionMask = 2147483647;
			files = (
				1D60589B0D05DD56006BFB54 /* main.m in Sources */,
				1D3623260D0F684500981E51 /* TouchUI_DemoAppDelegate.m in Sources */,
				45A8F01F10754A4C008BEAFE /* Base64Transcoder.c in Sources */,
				45A8F02010754A4C008BEAFE /* CBetterOperation.m in Sources */,
				45A8F02110754A4C008BEAFE /* CCommaArrayTransformer.m in Sources */,
				45A8F02210754A4C008BEAFE /* CConcurrentOperation.m in Sources */,
				45A8F02310754A4C008BEAFE /* CDateRange.m in Sources */,
				45A8F02410754A4C008BEAFE /* CFloatTransformer.m in Sources */,
				45A8F02510754A4C008BEAFE /* CHumanDateFormatter.m in Sources */,
				45A8F02710754A4C008BEAFE /* CLazyCache.m in Sources */,
				45A8F02B10754A4C008BEAFE /* CPointerArray.m in Sources */,
				45A8F02C10754A4C008BEAFE /* CTempFile.m in Sources */,
				45A8F02D10754A4C008BEAFE /* CTrivialTemplate.m in Sources */,
				45A8F02E10754A4C008BEAFE /* NSDate_Extensions.m in Sources */,
				45A8F02F10754A4C008BEAFE /* NSDate_InternetDateExtensions.m in Sources */,
				45A8F03010754A4C008BEAFE /* NSDateFormatter_InternetDateExtensions.m in Sources */,
				45A8F03110754A4C008BEAFE /* NSDecimalNumber_Extensions.m in Sources */,
				45A8F03210754A4C008BEAFE /* NSFileManager_Extensions.m in Sources */,
				45A8F03310754A4C008BEAFE /* NSIndexPath_Extensions.m in Sources */,
				45A8F03410754A4C008BEAFE /* NSOperation_DebugExtensions.m in Sources */,
				45A8F03510754A4C008BEAFE /* NSOperationQueue_Extensions.m in Sources */,
				45A8F03610754A4C008BEAFE /* NSScanner_Extensions.m in Sources */,
				45A8F03710754A4C008BEAFE /* NSScanner_HTMLExtensions.m in Sources */,
				45A8F03810754A4C008BEAFE /* NSString_Extensions.m in Sources */,
				45A8F03910754A4C008BEAFE /* NSURL_Extensions.m in Sources */,
				45A8F03B10754A4C008BEAFE /* NSValue_Extensions.m in Sources */,
				45A8F03C10754A4C008BEAFE /* CInvocationGrabber.m in Sources */,
				45A8F03D10754A4C008BEAFE /* NSObject_InvocationGrabberExtensions.m in Sources */,
				45A8F04010754A4C008BEAFE /* CBundleResourceURLProtocol.m in Sources */,
				45A8F04110754A4C008BEAFE /* CNumberToStringValueTransformer.m in Sources */,
				45A8F04210754A4C008BEAFE /* UIDevice_Extensions.m in Sources */,
				45A8F13310754D68008BEAFE /* Geometry.m in Sources */,
				45A8F13410754D68008BEAFE /* CALayer_Extensions.m in Sources */,
				45A8F13510754D68008BEAFE /* CAScrollLayer_Extensions.m in Sources */,
				45A8F13610754D68008BEAFE /* QuartzConvenienceFunctions.m in Sources */,
				45A8F13710754D68008BEAFE /* QuartzUtilities.m in Sources */,
				45A8F13B10754D68008BEAFE /* CTableViewController.m in Sources */,
				45A8F13C10754D68008BEAFE /* CTextViewController.m in Sources */,
				45A8F14110754D68008BEAFE /* CWebViewController.m in Sources */,
				45A8F14410754D68008BEAFE /* UIColor_Blending.m in Sources */,
				45A8F14510754D68008BEAFE /* UIColor_Extensions.m in Sources */,
				45A8F14610754D68008BEAFE /* UIColor_MoreExtensions.m in Sources */,
				45A8F14710754D68008BEAFE /* UIImage_Extensions.m in Sources */,
				45A8F14810754D68008BEAFE /* UIImage_MaskExtensions.m in Sources */,
				45A8F14910754D68008BEAFE /* UIView_Extensions.m in Sources */,
				45A8F15010754D68008BEAFE /* CErrorPresenter.m in Sources */,
				45A8F15310754D68008BEAFE /* CSpinnerTableViewCell.m in Sources */,
				45A8F15710754D68008BEAFE /* CBetterAlertView.m in Sources */,
				45A8F15810754D68008BEAFE /* CBetterLabel.m in Sources */,
				45A8F15910754D68008BEAFE /* CBorderView.m in Sources */,
				45A8F15B10754D68008BEAFE /* CFullScreenView.m in Sources */,
				45A8F15D10754D68008BEAFE /* CLayoutManagedView.m in Sources */,
				45A8F15F10754D68008BEAFE /* CLinkLabel.m in Sources */,
				45A8F16210754D68008BEAFE /* CTapView.m in Sources */,
				45A8F16410754D68008BEAFE /* UIViewDebugging.m in Sources */,
				455B4BCA118256C300C6FF0B /* ISO8601DateFormatter.m in Sources */,
				455B4BE71182576A00C6FF0B /* CNetworkActivityManager.m in Sources */,
				455B4BE81182576A00C6FF0B /* CURLOpener.m in Sources */,
				455B4BFB1182578300C6FF0B /* CLoginViewController.m in Sources */,
				455B4BFC1182578300C6FF0B /* CPicker.m in Sources */,
				455B4BFD1182578300C6FF0B /* CPickerTableViewController.m in Sources */,
				455B4BFE1182578300C6FF0B /* CTextEntryPickerViewController.m in Sources */,
				455B4BFF1182578300C6FF0B /* CValuesPickerController.m in Sources */,
				455B4C011182578300C6FF0B /* CDateRangePickerController.m in Sources */,
				455B4C4611827F1E00C6FF0B /* UIViewController_Extensions.m in Sources */,
				455B4C4B11827F3300C6FF0B /* CButtonTableViewCell.m in Sources */,
				455B4C5011827F5B00C6FF0B /* CValueValidator.m in Sources */,
				455B4C5911827F8700C6FF0B /* CGlossyButton.m in Sources */,
			);
			runOnlyForDeploymentPostprocessing = 0;
		};
/* End PBXSourcesBuildPhase section */

/* Begin XCBuildConfiguration section */
		1D6058940D05DD3E006BFB54 /* Debug */ = {
			isa = XCBuildConfiguration;
			buildSettings = {
				ALWAYS_SEARCH_USER_PATHS = NO;
				COPY_PHASE_STRIP = NO;
				GCC_DYNAMIC_NO_PIC = NO;
				GCC_OPTIMIZATION_LEVEL = 0;
				GCC_PRECOMPILE_PREFIX_HEADER = YES;
				GCC_PREFIX_HEADER = TouchUI_Demo_Prefix.pch;
				INFOPLIST_FILE = "TouchUI_Demo-Info.plist";
				OTHER_LDFLAGS = "-lsqlite3";
				PRODUCT_NAME = TouchUI_Demo;
			};
			name = Debug;
		};
		1D6058950D05DD3E006BFB54 /* Release */ = {
			isa = XCBuildConfiguration;
			buildSettings = {
				ALWAYS_SEARCH_USER_PATHS = NO;
				COPY_PHASE_STRIP = YES;
				GCC_PRECOMPILE_PREFIX_HEADER = YES;
				GCC_PREFIX_HEADER = TouchUI_Demo_Prefix.pch;
				INFOPLIST_FILE = "TouchUI_Demo-Info.plist";
				PRODUCT_NAME = TouchUI_Demo;
			};
			name = Release;
		};
		C01FCF4F08A954540054247B /* Debug */ = {
			isa = XCBuildConfiguration;
			buildSettings = {
				ARCHS = "$(ARCHS_STANDARD_32_BIT)";
				"CODE_SIGN_IDENTITY[sdk=iphoneos*]" = "iPhone Developer";
				GCC_C_LANGUAGE_STANDARD = c99;
				GCC_WARN_ABOUT_RETURN_TYPE = YES;
				GCC_WARN_UNUSED_VARIABLE = YES;
				ONLY_ACTIVE_ARCH = YES;
				PREBINDING = NO;
				SDKROOT = iphoneos3.1.3;
			};
			name = Debug;
		};
		C01FCF5008A954540054247B /* Release */ = {
			isa = XCBuildConfiguration;
			buildSettings = {
				ARCHS = "$(ARCHS_STANDARD_32_BIT)";
				"CODE_SIGN_IDENTITY[sdk=iphoneos*]" = "iPhone Developer";
				GCC_C_LANGUAGE_STANDARD = c99;
				GCC_WARN_ABOUT_RETURN_TYPE = YES;
				GCC_WARN_UNUSED_VARIABLE = YES;
				PREBINDING = NO;
				SDKROOT = iphoneos3.1.3;
			};
			name = Release;
		};
/* End XCBuildConfiguration section */

/* Begin XCConfigurationList section */
		1D6058960D05DD3E006BFB54 /* Build configuration list for PBXNativeTarget "TouchUI_Demo" */ = {
			isa = XCConfigurationList;
			buildConfigurations = (
				1D6058940D05DD3E006BFB54 /* Debug */,
				1D6058950D05DD3E006BFB54 /* Release */,
			);
			defaultConfigurationIsVisible = 0;
			defaultConfigurationName = Release;
		};
		C01FCF4E08A954540054247B /* Build configuration list for PBXProject "TouchUI_Demo" */ = {
			isa = XCConfigurationList;
			buildConfigurations = (
				C01FCF4F08A954540054247B /* Debug */,
				C01FCF5008A954540054247B /* Release */,
			);
			defaultConfigurationIsVisible = 0;
			defaultConfigurationName = Release;
		};
/* End XCConfigurationList section */
	};
	rootObject = 29B97313FDCFA39411CA2CEA /* Project object */;
}
